// !$*UTF8*$!
{
	archiveVersion = 1;
	classes = {
	};
	objectVersion = 56;
	objects = {

/* Begin PBXBuildFile section */
		F9B50EF229195D9A003FD7C3 /* Roll_the_DiceApp.swift in Sources */ = {isa = PBXBuildFile; fileRef = F9B50EF129195D9A003FD7C3 /* Roll_the_DiceApp.swift */; };
		F9B50EF429195D9A003FD7C3 /* ContentView.swift in Sources */ = {isa = PBXBuildFile; fileRef = F9B50EF329195D9A003FD7C3 /* ContentView.swift */; };
		F9B50EF629195D9D003FD7C3 /* Assets.xcassets in Resources */ = {isa = PBXBuildFile; fileRef = F9B50EF529195D9D003FD7C3 /* Assets.xcassets */; };
		F9B50EF929195D9D003FD7C3 /* Preview Assets.xcassets in Resources */ = {isa = PBXBuildFile; fileRef = F9B50EF829195D9D003FD7C3 /* Preview Assets.xcassets */; };
		F9B50F0329195D9D003FD7C3 /* Roll_the_DiceTests.swift in Sources */ = {isa = PBXBuildFile; fileRef = F9B50F0229195D9D003FD7C3 /* Roll_the_DiceTests.swift */; };
		F9B50F0D29195D9D003FD7C3 /* Roll_the_DiceUITests.swift in Sources */ = {isa = PBXBuildFile; fileRef = F9B50F0C29195D9D003FD7C3 /* Roll_the_DiceUITests.swift */; };
		F9B50F0F29195D9D003FD7C3 /* Roll_the_DiceUITestsLaunchTests.swift in Sources */ = {isa = PBXBuildFile; fileRef = F9B50F0E29195D9D003FD7C3 /* Roll_the_DiceUITestsLaunchTests.swift */; };
/* End PBXBuildFile section */

/* Begin PBXContainerItemProxy section */
		F9B50EFF29195D9D003FD7C3 /* PBXContainerItemProxy */ = {
			isa = PBXContainerItemProxy;
			containerPortal = F9B50EE629195D9A003FD7C3 /* Project object */;
			proxyType = 1;
			remoteGlobalIDString = F9B50EED29195D9A003FD7C3;
			remoteInfo = "Roll the Dice";
		};
		F9B50F0929195D9D003FD7C3 /* PBXContainerItemProxy */ = {
			isa = PBXContainerItemProxy;
			containerPortal = F9B50EE629195D9A003FD7C3 /* Project object */;
			proxyType = 1;
			remoteGlobalIDString = F9B50EED29195D9A003FD7C3;
			remoteInfo = "Roll the Dice";
		};
/* End PBXContainerItemProxy section */

/* Begin PBXFileReference section */
		F9B50EEE29195D9A003FD7C3 /* Roll the Dice.app */ = {isa = PBXFileReference; explicitFileType = wrapper.application; includeInIndex = 0; path = "Roll the Dice.app"; sourceTree = BUILT_PRODUCTS_DIR; };
		F9B50EF129195D9A003FD7C3 /* Roll_the_DiceApp.swift */ = {isa = PBXFileReference; lastKnownFileType = sourcecode.swift; path = Roll_the_DiceApp.swift; sourceTree = "<group>"; };
		F9B50EF329195D9A003FD7C3 /* ContentView.swift */ = {isa = PBXFileReference; lastKnownFileType = sourcecode.swift; path = ContentView.swift; sourceTree = "<group>"; };
		F9B50EF529195D9D003FD7C3 /* Assets.xcassets */ = {isa = PBXFileReference; lastKnownFileType = folder.assetcatalog; path = Assets.xcassets; sourceTree = "<group>"; };
		F9B50EF829195D9D003FD7C3 /* Preview Assets.xcassets */ = {isa = PBXFileReference; lastKnownFileType = folder.assetcatalog; path = "Preview Assets.xcassets"; sourceTree = "<group>"; };
		F9B50EFE29195D9D003FD7C3 /* Roll the DiceTests.xctest */ = {isa = PBXFileReference; explicitFileType = wrapper.cfbundle; includeInIndex = 0; path = "Roll the DiceTests.xctest"; sourceTree = BUILT_PRODUCTS_DIR; };
		F9B50F0229195D9D003FD7C3 /* Roll_the_DiceTests.swift */ = {isa = PBXFileReference; lastKnownFileType = sourcecode.swift; path = Roll_the_DiceTests.swift; sourceTree = "<group>"; };
		F9B50F0829195D9D003FD7C3 /* Roll the DiceUITests.xctest */ = {isa = PBXFileReference; explicitFileType = wrapper.cfbundle; includeInIndex = 0; path = "Roll the DiceUITests.xctest"; sourceTree = BUILT_PRODUCTS_DIR; };
		F9B50F0C29195D9D003FD7C3 /* Roll_the_DiceUITests.swift */ = {isa = PBXFileReference; lastKnownFileType = sourcecode.swift; path = Roll_the_DiceUITests.swift; sourceTree = "<group>"; };
		F9B50F0E29195D9D003FD7C3 /* Roll_the_DiceUITestsLaunchTests.swift */ = {isa = PBXFileReference; lastKnownFileType = sourcecode.swift; path = Roll_the_DiceUITestsLaunchTests.swift; sourceTree = "<group>"; };
/* End PBXFileReference section */

/* Begin PBXFrameworksBuildPhase section */
		F9B50EEB29195D9A003FD7C3 /* Frameworks */ = {
			isa = PBXFrameworksBuildPhase;
			buildActionMask = 2147483647;
			files = (
			);
			runOnlyForDeploymentPostprocessing = 0;
		};
		F9B50EFB29195D9D003FD7C3 /* Frameworks */ = {
			isa = PBXFrameworksBuildPhase;
			buildActionMask = 2147483647;
			files = (
			);
			runOnlyForDeploymentPostprocessing = 0;
		};
		F9B50F0529195D9D003FD7C3 /* Frameworks */ = {
			isa = PBXFrameworksBuildPhase;
			buildActionMask = 2147483647;
			files = (
			);
			runOnlyForDeploymentPostprocessing = 0;
		};
/* End PBXFrameworksBuildPhase section */

/* Begin PBXGroup section */
		F9B50EE529195D9A003FD7C3 = {
			isa = PBXGroup;
			children = (
				F9B50EF029195D9A003FD7C3 /* Roll the Dice */,
				F9B50F0129195D9D003FD7C3 /* Roll the DiceTests */,
				F9B50F0B29195D9D003FD7C3 /* Roll the DiceUITests */,
				F9B50EEF29195D9A003FD7C3 /* Products */,
			);
			sourceTree = "<group>";
		};
		F9B50EEF29195D9A003FD7C3 /* Products */ = {
			isa = PBXGroup;
			children = (
				F9B50EEE29195D9A003FD7C3 /* Roll the Dice.app */,
				F9B50EFE29195D9D003FD7C3 /* Roll the DiceTests.xctest */,
				F9B50F0829195D9D003FD7C3 /* Roll the DiceUITests.xctest */,
			);
			name = Products;
			sourceTree = "<group>";
		};
		F9B50EF029195D9A003FD7C3 /* Roll the Dice */ = {
			isa = PBXGroup;
			children = (
				F9B50EF129195D9A003FD7C3 /* Roll_the_DiceApp.swift */,
				F9B50EF329195D9A003FD7C3 /* ContentView.swift */,
				F9B50EF529195D9D003FD7C3 /* Assets.xcassets */,
				F9B50EF729195D9D003FD7C3 /* Preview Content */,
			);
			path = "Roll the Dice";
			sourceTree = "<group>";
		};
		F9B50EF729195D9D003FD7C3 /* Preview Content */ = {
			isa = PBXGroup;
			children = (
				F9B50EF829195D9D003FD7C3 /* Preview Assets.xcassets */,
			);
			path = "Preview Content";
			sourceTree = "<group>";
		};
		F9B50F0129195D9D003FD7C3 /* Roll the DiceTests */ = {
			isa = PBXGroup;
			children = (
				F9B50F0229195D9D003FD7C3 /* Roll_the_DiceTests.swift */,
			);
			path = "Roll the DiceTests";
			sourceTree = "<group>";
		};
		F9B50F0B29195D9D003FD7C3 /* Roll the DiceUITests */ = {
			isa = PBXGroup;
			children = (
				F9B50F0C29195D9D003FD7C3 /* Roll_the_DiceUITests.swift */,
				F9B50F0E29195D9D003FD7C3 /* Roll_the_DiceUITestsLaunchTests.swift */,
			);
			path = "Roll the DiceUITests";
			sourceTree = "<group>";
		};
/* End PBXGroup section */

/* Begin PBXNativeTarget section */
		F9B50EED29195D9A003FD7C3 /* Roll the Dice */ = {
			isa = PBXNativeTarget;
			buildConfigurationList = F9B50F1229195D9D003FD7C3 /* Build configuration list for PBXNativeTarget "Roll the Dice" */;
			buildPhases = (
				F9B50EEA29195D9A003FD7C3 /* Sources */,
				F9B50EEB29195D9A003FD7C3 /* Frameworks */,
				F9B50EEC29195D9A003FD7C3 /* Resources */,
			);
			buildRules = (
			);
			dependencies = (
			);
			name = "Roll the Dice";
			productName = "Roll the Dice";
			productReference = F9B50EEE29195D9A003FD7C3 /* Roll the Dice.app */;
			productType = "com.apple.product-type.application";
		};
		F9B50EFD29195D9D003FD7C3 /* Roll the DiceTests */ = {
			isa = PBXNativeTarget;
			buildConfigurationList = F9B50F1529195D9D003FD7C3 /* Build configuration list for PBXNativeTarget "Roll the DiceTests" */;
			buildPhases = (
				F9B50EFA29195D9D003FD7C3 /* Sources */,
				F9B50EFB29195D9D003FD7C3 /* Frameworks */,
				F9B50EFC29195D9D003FD7C3 /* Resources */,
			);
			buildRules = (
			);
			dependencies = (
				F9B50F0029195D9D003FD7C3 /* PBXTargetDependency */,
			);
			name = "Roll the DiceTests";
			productName = "Roll the DiceTests";
			productReference = F9B50EFE29195D9D003FD7C3 /* Roll the DiceTests.xctest */;
			productType = "com.apple.product-type.bundle.unit-test";
		};
		F9B50F0729195D9D003FD7C3 /* Roll the DiceUITests */ = {
			isa = PBXNativeTarget;
			buildConfigurationList = F9B50F1829195D9D003FD7C3 /* Build configuration list for PBXNativeTarget "Roll the DiceUITests" */;
			buildPhases = (
				F9B50F0429195D9D003FD7C3 /* Sources */,
				F9B50F0529195D9D003FD7C3 /* Frameworks */,
				F9B50F0629195D9D003FD7C3 /* Resources */,
			);
			buildRules = (
			);
			dependencies = (
				F9B50F0A29195D9D003FD7C3 /* PBXTargetDependency */,
			);
			name = "Roll the DiceUITests";
			productName = "Roll the DiceUITests";
			productReference = F9B50F0829195D9D003FD7C3 /* Roll the DiceUITests.xctest */;
			productType = "com.apple.product-type.bundle.ui-testing";
		};
/* End PBXNativeTarget section */

/* Begin PBXProject section */
		F9B50EE629195D9A003FD7C3 /* Project object */ = {
			isa = PBXProject;
			attributes = {
				BuildIndependentTargetsInParallel = 1;
				LastSwiftUpdateCheck = 1400;
				LastUpgradeCheck = 1400;
				TargetAttributes = {
					F9B50EED29195D9A003FD7C3 = {
						CreatedOnToolsVersion = 14.0;
					};
					F9B50EFD29195D9D003FD7C3 = {
						CreatedOnToolsVersion = 14.0;
						TestTargetID = F9B50EED29195D9A003FD7C3;
					};
					F9B50F0729195D9D003FD7C3 = {
						CreatedOnToolsVersion = 14.0;
						TestTargetID = F9B50EED29195D9A003FD7C3;
					};
				};
			};
			buildConfigurationList = F9B50EE929195D9A003FD7C3 /* Build configuration list for PBXProject "Roll the Dice" */;
			compatibilityVersion = "Xcode 14.0";
			developmentRegion = en;
			hasScannedForEncodings = 0;
			knownRegions = (
				en,
				Base,
			);
			mainGroup = F9B50EE529195D9A003FD7C3;
			productRefGroup = F9B50EEF29195D9A003FD7C3 /* Products */;
			projectDirPath = "";
			projectRoot = "";
			targets = (
				F9B50EED29195D9A003FD7C3 /* Roll the Dice */,
				F9B50EFD29195D9D003FD7C3 /* Roll the DiceTests */,
				F9B50F0729195D9D003FD7C3 /* Roll the DiceUITests */,
			);
		};
/* End PBXProject section */

/* Begin PBXResourcesBuildPhase section */
		F9B50EEC29195D9A003FD7C3 /* Resources */ = {
			isa = PBXResourcesBuildPhase;
			buildActionMask = 2147483647;
			files = (
				F9B50EF929195D9D003FD7C3 /* Preview Assets.xcassets in Resources */,
				F9B50EF629195D9D003FD7C3 /* Assets.xcassets in Resources */,
			);
			runOnlyForDeploymentPostprocessing = 0;
		};
		F9B50EFC29195D9D003FD7C3 /* Resources */ = {
			isa = PBXResourcesBuildPhase;
			buildActionMask = 2147483647;
			files = (
			);
			runOnlyForDeploymentPostprocessing = 0;
		};
		F9B50F0629195D9D003FD7C3 /* Resources */ = {
			isa = PBXResourcesBuildPhase;
			buildActionMask = 2147483647;
			files = (
			);
			runOnlyForDeploymentPostprocessing = 0;
		};
/* End PBXResourcesBuildPhase section */

/* Begin PBXSourcesBuildPhase section */
		F9B50EEA29195D9A003FD7C3 /* Sources */ = {
			isa = PBXSourcesBuildPhase;
			buildActionMask = 2147483647;
			files = (
				F9B50EF429195D9A003FD7C3 /* ContentView.swift in Sources */,
				F9B50EF229195D9A003FD7C3 /* Roll_the_DiceApp.swift in Sources */,
			);
			runOnlyForDeploymentPostprocessing = 0;
		};
		F9B50EFA29195D9D003FD7C3 /* Sources */ = {
			isa = PBXSourcesBuildPhase;
			buildActionMask = 2147483647;
			files = (
				F9B50F0329195D9D003FD7C3 /* Roll_the_DiceTests.swift in Sources */,
			);
			runOnlyForDeploymentPostprocessing = 0;
		};
		F9B50F0429195D9D003FD7C3 /* Sources */ = {
			isa = PBXSourcesBuildPhase;
			buildActionMask = 2147483647;
			files = (
				F9B50F0F29195D9D003FD7C3 /* Roll_the_DiceUITestsLaunchTests.swift in Sources */,
				F9B50F0D29195D9D003FD7C3 /* Roll_the_DiceUITests.swift in Sources */,
			);
			runOnlyForDeploymentPostprocessing = 0;
		};
/* End PBXSourcesBuildPhase section */

/* Begin PBXTargetDependency section */
		F9B50F0029195D9D003FD7C3 /* PBXTargetDependency */ = {
			isa = PBXTargetDependency;
			target = F9B50EED29195D9A003FD7C3 /* Roll the Dice */;
			targetProxy = F9B50EFF29195D9D003FD7C3 /* PBXContainerItemProxy */;
		};
		F9B50F0A29195D9D003FD7C3 /* PBXTargetDependency */ = {
			isa = PBXTargetDependency;
			target = F9B50EED29195D9A003FD7C3 /* Roll the Dice */;
			targetProxy = F9B50F0929195D9D003FD7C3 /* PBXContainerItemProxy */;
		};
/* End PBXTargetDependency section */

/* Begin XCBuildConfiguration section */
		F9B50F1029195D9D003FD7C3 /* Debug */ = {
			isa = XCBuildConfiguration;
			buildSettings = {
				ALWAYS_SEARCH_USER_PATHS = NO;
				CLANG_ANALYZER_NONNULL = YES;
				CLANG_ANALYZER_NUMBER_OBJECT_CONVERSION = YES_AGGRESSIVE;
				CLANG_CXX_LANGUAGE_STANDARD = "gnu++20";
				CLANG_ENABLE_MODULES = YES;
				CLANG_ENABLE_OBJC_ARC = YES;
				CLANG_ENABLE_OBJC_WEAK = YES;
				CLANG_WARN_BLOCK_CAPTURE_AUTORELEASING = YES;
				CLANG_WARN_BOOL_CONVERSION = YES;
				CLANG_WARN_COMMA = YES;
				CLANG_WARN_CONSTANT_CONVERSION = YES;
				CLANG_WARN_DEPRECATED_OBJC_IMPLEMENTATIONS = YES;
				CLANG_WARN_DIRECT_OBJC_ISA_USAGE = YES_ERROR;
				CLANG_WARN_DOCUMENTATION_COMMENTS = YES;
				CLANG_WARN_EMPTY_BODY = YES;
				CLANG_WARN_ENUM_CONVERSION = YES;
				CLANG_WARN_INFINITE_RECURSION = YES;
				CLANG_WARN_INT_CONVERSION = YES;
				CLANG_WARN_NON_LITERAL_NULL_CONVERSION = YES;
				CLANG_WARN_OBJC_IMPLICIT_RETAIN_SELF = YES;
				CLANG_WARN_OBJC_LITERAL_CONVERSION = YES;
				CLANG_WARN_OBJC_ROOT_CLASS = YES_ERROR;
				CLANG_WARN_QUOTED_INCLUDE_IN_FRAMEWORK_HEADER = YES;
				CLANG_WARN_RANGE_LOOP_ANALYSIS = YES;
				CLANG_WARN_STRICT_PROTOTYPES = YES;
				CLANG_WARN_SUSPICIOUS_MOVE = YES;
				CLANG_WARN_UNGUARDED_AVAILABILITY = YES_AGGRESSIVE;
				CLANG_WARN_UNREACHABLE_CODE = YES;
				CLANG_WARN__DUPLICATE_METHOD_MATCH = YES;
				COPY_PHASE_STRIP = NO;
				DEBUG_INFORMATION_FORMAT = dwarf;
				ENABLE_STRICT_OBJC_MSGSEND = YES;
				ENABLE_TESTABILITY = YES;
				GCC_C_LANGUAGE_STANDARD = gnu11;
				GCC_DYNAMIC_NO_PIC = NO;
				GCC_NO_COMMON_BLOCKS = YES;
				GCC_OPTIMIZATION_LEVEL = 0;
				GCC_PREPROCESSOR_DEFINITIONS = (
					"DEBUG=1",
					"$(inherited)",
				);
				GCC_WARN_64_TO_32_BIT_CONVERSION = YES;
				GCC_WARN_ABOUT_RETURN_TYPE = YES_ERROR;
				GCC_WARN_UNDECLARED_SELECTOR = YES;
				GCC_WARN_UNINITIALIZED_AUTOS = YES_AGGRESSIVE;
				GCC_WARN_UNUSED_FUNCTION = YES;
				GCC_WARN_UNUSED_VARIABLE = YES;
				IPHONEOS_DEPLOYMENT_TARGET = 16.0;
				MTL_ENABLE_DEBUG_INFO = INCLUDE_SOURCE;
				MTL_FAST_MATH = YES;
				ONLY_ACTIVE_ARCH = YES;
				SDKROOT = iphoneos;
				SWIFT_ACTIVE_COMPILATION_CONDITIONS = DEBUG;
				SWIFT_OPTIMIZATION_LEVEL = "-Onone";
			};
			name = Debug;
		};
		F9B50F1129195D9D003FD7C3 /* Release */ = {
			isa = XCBuildConfiguration;
			buildSettings = {
				ALWAYS_SEARCH_USER_PATHS = NO;
				CLANG_ANALYZER_NONNULL = YES;
				CLANG_ANALYZER_NUMBER_OBJECT_CONVERSION = YES_AGGRESSIVE;
				CLANG_CXX_LANGUAGE_STANDARD = "gnu++20";
				CLANG_ENABLE_MODULES = YES;
				CLANG_ENABLE_OBJC_ARC = YES;
				CLANG_ENABLE_OBJC_WEAK = YES;
				CLANG_WARN_BLOCK_CAPTURE_AUTORELEASING = YES;
				CLANG_WARN_BOOL_CONVERSION = YES;
				CLANG_WARN_COMMA = YES;
				CLANG_WARN_CONSTANT_CONVERSION = YES;
				CLANG_WARN_DEPRECATED_OBJC_IMPLEMENTATIONS = YES;
				CLANG_WARN_DIRECT_OBJC_ISA_USAGE = YES_ERROR;
				CLANG_WARN_DOCUMENTATION_COMMENTS = YES;
				CLANG_WARN_EMPTY_BODY = YES;
				CLANG_WARN_ENUM_CONVERSION = YES;
				CLANG_WARN_INFINITE_RECURSION = YES;
				CLANG_WARN_INT_CONVERSION = YES;
				CLANG_WARN_NON_LITERAL_NULL_CONVERSION = YES;
				CLANG_WARN_OBJC_IMPLICIT_RETAIN_SELF = YES;
				CLANG_WARN_OBJC_LITERAL_CONVERSION = YES;
				CLANG_WARN_OBJC_ROOT_CLASS = YES_ERROR;
				CLANG_WARN_QUOTED_INCLUDE_IN_FRAMEWORK_HEADER = YES;
				CLANG_WARN_RANGE_LOOP_ANALYSIS = YES;
				CLANG_WARN_STRICT_PROTOTYPES = YES;
				CLANG_WARN_SUSPICIOUS_MOVE = YES;
				CLANG_WARN_UNGUARDED_AVAILABILITY = YES_AGGRESSIVE;
				CLANG_WARN_UNREACHABLE_CODE = YES;
				CLANG_WARN__DUPLICATE_METHOD_MATCH = YES;
				COPY_PHASE_STRIP = NO;
				DEBUG_INFORMATION_FORMAT = "dwarf-with-dsym";
				ENABLE_NS_ASSERTIONS = NO;
				ENABLE_STRICT_OBJC_MSGSEND = YES;
				GCC_C_LANGUAGE_STANDARD = gnu11;
				GCC_NO_COMMON_BLOCKS = YES;
				GCC_WARN_64_TO_32_BIT_CONVERSION = YES;
				GCC_WARN_ABOUT_RETURN_TYPE = YES_ERROR;
				GCC_WARN_UNDECLARED_SELECTOR = YES;
				GCC_WARN_UNINITIALIZED_AUTOS = YES_AGGRESSIVE;
				GCC_WARN_UNUSED_FUNCTION = YES;
				GCC_WARN_UNUSED_VARIABLE = YES;
				IPHONEOS_DEPLOYMENT_TARGET = 16.0;
				MTL_ENABLE_DEBUG_INFO = NO;
				MTL_FAST_MATH = YES;
				SDKROOT = iphoneos;
				SWIFT_COMPILATION_MODE = wholemodule;
				SWIFT_OPTIMIZATION_LEVEL = "-O";
				VALIDATE_PRODUCT = YES;
			};
			name = Release;
		};
		F9B50F1329195D9D003FD7C3 /* Debug */ = {
			isa = XCBuildConfiguration;
			buildSettings = {
				ASSETCATALOG_COMPILER_APPICON_NAME = AppIcon;
				ASSETCATALOG_COMPILER_GLOBAL_ACCENT_COLOR_NAME = AccentColor;
				CODE_SIGN_STYLE = Automatic;
				CURRENT_PROJECT_VERSION = 1;
				DEVELOPMENT_ASSET_PATHS = "\"Roll the Dice/Preview Content\"";
				DEVELOPMENT_TEAM = ZM8QD2KAG2;
				ENABLE_PREVIEWS = YES;
				GENERATE_INFOPLIST_FILE = YES;
				INFOPLIST_KEY_UIApplicationSceneManifest_Generation = YES;
				INFOPLIST_KEY_UIApplicationSupportsIndirectInputEvents = YES;
				INFOPLIST_KEY_UILaunchScreen_Generation = YES;
				INFOPLIST_KEY_UISupportedInterfaceOrientations_iPad = "UIInterfaceOrientationPortrait UIInterfaceOrientationPortraitUpsideDown UIInterfaceOrientationLandscapeLeft UIInterfaceOrientationLandscapeRight";
				INFOPLIST_KEY_UISupportedInterfaceOrientations_iPhone = "UIInterfaceOrientationPortrait UIInterfaceOrientationLandscapeLeft UIInterfaceOrientationLandscapeRight";
				LD_RUNPATH_SEARCH_PATHS = (
					"$(inherited)",
					"@executable_path/Frameworks",
				);
				MARKETING_VERSION = 1.0;
				PRODUCT_BUNDLE_IDENTIFIER = "BrightStar.Roll-the-Dice";
				PRODUCT_NAME = "$(TARGET_NAME)";
				SWIFT_EMIT_LOC_STRINGS = YES;
				SWIFT_VERSION = 5.0;
				TARGETED_DEVICE_FAMILY = "1,2";
			};
			name = Debug;
		};
		F9B50F1429195D9D003FD7C3 /* Release */ = {
			isa = XCBuildConfiguration;
			buildSettings = {
				ASSETCATALOG_COMPILER_APPICON_NAME = AppIcon;
				ASSETCATALOG_COMPILER_GLOBAL_ACCENT_COLOR_NAME = AccentColor;
				CODE_SIGN_STYLE = Automatic;
				CURRENT_PROJECT_VERSION = 1;
				DEVELOPMENT_ASSET_PATHS = "\"Roll the Dice/Preview Content\"";
				DEVELOPMENT_TEAM = ZM8QD2KAG2;
				ENABLE_PREVIEWS = YES;
				GENERATE_INFOPLIST_FILE = YES;
				INFOPLIST_KEY_UIApplicationSceneManifest_Generation = YES;
				INFOPLIST_KEY_UIApplicationSupportsIndirectInputEvents = YES;
				INFOPLIST_KEY_UILaunchScreen_Generation = YES;
				INFOPLIST_KEY_UISupportedInterfaceOrientations_iPad = "UIInterfaceOrientationPortrait UIInterfaceOrientationPortraitUpsideDown UIInterfaceOrientationLandscapeLeft UIInterfaceOrientationLandscapeRight";
				INFOPLIST_KEY_UISupportedInterfaceOrientations_iPhone = "UIInterfaceOrientationPortrait UIInterfaceOrientationLandscapeLeft UIInterfaceOrientationLandscapeRight";
				LD_RUNPATH_SEARCH_PATHS = (
					"$(inherited)",
					"@executable_path/Frameworks",
				);
				MARKETING_VERSION = 1.0;
				PRODUCT_BUNDLE_IDENTIFIER = "BrightStar.Roll-the-Dice";
				PRODUCT_NAME = "$(TARGET_NAME)";
				SWIFT_EMIT_LOC_STRINGS = YES;
				SWIFT_VERSION = 5.0;
				TARGETED_DEVICE_FAMILY = "1,2";
			};
			name = Release;
		};
		F9B50F1629195D9D003FD7C3 /* Debug */ = {
			isa = XCBuildConfiguration;
			buildSettings = {
				ALWAYS_EMBED_SWIFT_STANDARD_LIBRARIES = YES;
				BUNDLE_LOADER = "$(TEST_HOST)";
				CODE_SIGN_STYLE = Automatic;
				CURRENT_PROJECT_VERSION = 1;
				DEVELOPMENT_TEAM = ZM8QD2KAG2;
				GENERATE_INFOPLIST_FILE = YES;
				IPHONEOS_DEPLOYMENT_TARGET = 16.0;
				MARKETING_VERSION = 1.0;
				PRODUCT_BUNDLE_IDENTIFIER = "BrightStar.Roll-the-DiceTests";
				PRODUCT_NAME = "$(TARGET_NAME)";
				SWIFT_EMIT_LOC_STRINGS = NO;
				SWIFT_VERSION = 5.0;
				TARGETED_DEVICE_FAMILY = "1,2";
				TEST_HOST = "$(BUILT_PRODUCTS_DIR)/Roll the Dice.app/$(BUNDLE_EXECUTABLE_FOLDER_PATH)/Roll the Dice";
			};
			name = Debug;
		};
		F9B50F1729195D9D003FD7C3 /* Release */ = {
			isa = XCBuildConfiguration;
			buildSettings = {
				ALWAYS_EMBED_SWIFT_STANDARD_LIBRARIES = YES;
				BUNDLE_LOADER = "$(TEST_HOST)";
				CODE_SIGN_STYLE = Automatic;
				CURRENT_PROJECT_VERSION = 1;
				DEVELOPMENT_TEAM = ZM8QD2KAG2;
				GENERATE_INFOPLIST_FILE = YES;
				IPHONEOS_DEPLOYMENT_TARGET = 16.0;
				MARKETING_VERSION = 1.0;
				PRODUCT_BUNDLE_IDENTIFIER = "BrightStar.Roll-the-DiceTests";
				PRODUCT_NAME = "$(TARGET_NAME)";
				SWIFT_EMIT_LOC_STRINGS = NO;
				SWIFT_VERSION = 5.0;
				TARGETED_DEVICE_FAMILY = "1,2";
				TEST_HOST = "$(BUILT_PRODUCTS_DIR)/Roll the Dice.app/$(BUNDLE_EXECUTABLE_FOLDER_PATH)/Roll the Dice";
			};
			name = Release;
		};
		F9B50F1929195D9D003FD7C3 /* Debug */ = {
			isa = XCBuildConfiguration;
			buildSettings = {
				ALWAYS_EMBED_SWIFT_STANDARD_LIBRARIES = YES;
				CODE_SIGN_STYLE = Automatic;
				CURRENT_PROJECT_VERSION = 1;
				DEVELOPMENT_TEAM = ZM8QD2KAG2;
				GENERATE_INFOPLIST_FILE = YES;
				MARKETING_VERSION = 1.0;
				PRODUCT_BUNDLE_IDENTIFIER = "BrightStar.Roll-the-DiceUITests";
				PRODUCT_NAME = "$(TARGET_NAME)";
				SWIFT_EMIT_LOC_STRINGS = NO;
				SWIFT_VERSION = 5.0;
				TARGETED_DEVICE_FAMILY = "1,2";
				TEST_TARGET_NAME = "Roll the Dice";
			};
			name = Debug;
		};
		F9B50F1A29195D9D003FD7C3 /* Release */ = {
			isa = XCBuildConfiguration;
			buildSettings = {
				ALWAYS_EMBED_SWIFT_STANDARD_LIBRARIES = YES;
				CODE_SIGN_STYLE = Automatic;
				CURRENT_PROJECT_VERSION = 1;
				DEVELOPMENT_TEAM = ZM8QD2KAG2;
				GENERATE_INFOPLIST_FILE = YES;
				MARKETING_VERSION = 1.0;
				PRODUCT_BUNDLE_IDENTIFIER = "BrightStar.Roll-the-DiceUITests";
				PRODUCT_NAME = "$(TARGET_NAME)";
				SWIFT_EMIT_LOC_STRINGS = NO;
				SWIFT_VERSION = 5.0;
				TARGETED_DEVICE_FAMILY = "1,2";
				TEST_TARGET_NAME = "Roll the Dice";
			};
			name = Release;
		};
/* End XCBuildConfiguration section */

/* Begin XCConfigurationList section */
		F9B50EE929195D9A003FD7C3 /* Build configuration list for PBXProject "Roll the Dice" */ = {
			isa = XCConfigurationList;
			buildConfigurations = (
				F9B50F1029195D9D003FD7C3 /* Debug */,
				F9B50F1129195D9D003FD7C3 /* Release */,
			);
			defaultConfigurationIsVisible = 0;
			defaultConfigurationName = Release;
		};
		F9B50F1229195D9D003FD7C3 /* Build configuration list for PBXNativeTarget "Roll the Dice" */ = {
			isa = XCConfigurationList;
			buildConfigurations = (
				F9B50F1329195D9D003FD7C3 /* Debug */,
				F9B50F1429195D9D003FD7C3 /* Release */,
			);
			defaultConfigurationIsVisible = 0;
			defaultConfigurationName = Release;
		};
		F9B50F1529195D9D003FD7C3 /* Build configuration list for PBXNativeTarget "Roll the DiceTests" */ = {
			isa = XCConfigurationList;
			buildConfigurations = (
				F9B50F1629195D9D003FD7C3 /* Debug */,
				F9B50F1729195D9D003FD7C3 /* Release */,
			);
			defaultConfigurationIsVisible = 0;
			defaultConfigurationName = Release;
		};
		F9B50F1829195D9D003FD7C3 /* Build configuration list for PBXNativeTarget "Roll the DiceUITests" */ = {
			isa = XCConfigurationList;
			buildConfigurations = (
				F9B50F1929195D9D003FD7C3 /* Debug */,
				F9B50F1A29195D9D003FD7C3 /* Release */,
			);
			defaultConfigurationIsVisible = 0;
			defaultConfigurationName = Release;
		};
/* End XCConfigurationList section */
	};
	rootObject = F9B50EE629195D9A003FD7C3 /* Project object */;
}
